PODS:
  - AFNetworking/NSURLSession (3.2.1):
    - AFNetworking/Reachability
    - AFNetworking/Security
    - AFNetworking/Serialization
  - AFNetworking/Reachability (3.2.1)
  - AFNetworking/Security (3.2.1)
  - AFNetworking/Serialization (3.2.1)
  - IQKeyboardManager (6.5.5)
  - MBProgressHUD (1.2.0)
  - MJExtension (3.2.2)
  - MJRefresh (3.4.3)
  - NudeIn (1.2.8)
  - SDAutoLayout (2.2.1)
  - SDCycleScrollView (1.80):
    - SDWebImage (>= 5.0.0)
  - SDWebImage (5.8.1):
    - SDWebImage/Core (= 5.8.1)
  - SDWebImage/Core (5.8.1)
  - SVProgressHUD (2.2.5)
  - TPKeyboardAvoiding (1.3.4)
  - TZImagePickerController (3.4.1)
  - YYImage (1.0.4):
    - YYImage/Core (= 1.0.4)
  - YYImage/Core (1.0.4)

DEPENDENCIES:
  - AFNetworking/NSURLSession (~> 3.0)
  - AFNetworking/Reachability (~> 3.0)
  - AFNetworking/Security (~> 3.0)
  - AFNetworking/Serialization (~> 3.0)
  - IQKeyboardManager
  - MBProgressHUD
  - MJExtension
  - MJRefresh
  - NudeIn
  - SDAutoLayout
  - SDCycleScrollView
  - SDWebImage
  - SVProgressHUD
  - TPKeyboardAvoiding
  - TZImagePickerController
  - YYImage

SPEC REPOS:
  trunk:
    - AFNetworking
    - IQKeyboardManager
    - MBProgressHUD
    - MJExtension
    - MJRefresh
    - NudeIn
    - SDAutoLayout
    - SDCycleScrollView
    - SDWebImage
    - SVProgressHUD
    - TPKeyboardAvoiding
    - TZImagePickerController
    - YYImage

SPEC CHECKSUMS:
  AFNetworking: b6f891fdfaed196b46c7a83cf209e09697b94057
  IQKeyboardManager: 3a8b9e603f8b0eeaf5f096a1f2b2cfcf121992ef
  MBProgressHUD: 3ee5efcc380f6a79a7cc9b363dd669c5e1ae7406
  MJExtension: d9b9c74cbdeb724c1e9ecbb157b318276e62e876
  MJRefresh: 53e3e3219f204425ee6d3e62e8733d3295944cd6
  NudeIn: e428b516a60a241d47c9d8882a8a00d0f42cfcb4
  SDAutoLayout: 8bf6b3bbc8b01f775d4defbb4fda2ace805461be
  SDCycleScrollView: b3c9a5ed840c771c4938978174c7c9d9feefeb96
  SDWebImage: e3eae2eda88578db0685a0c88597fdadd9433f05
  SVProgressHUD: 1428aafac632c1f86f62aa4243ec12008d7a51d6
  TPKeyboardAvoiding: 7c2187e2338052b2c5be4a8052f297fdb124e261
  TZImagePickerController: 4e7a7b3d314f8a75f11042931dfd9d34c270c7db
  YYImage: 1e1b62a9997399593e4b9c4ecfbbabbf1d3f3b54

PODFILE CHECKSUM: 2286345ecbf088cb9191af69ca6ccb8e2e683023

COCOAPODS: 1.10.0
